
Microsoft Visual Studio Solution File, Format Version 12.00
# Visual Studio Version 17
VisualStudioVersion = 17.4.33122.133
MinimumVisualStudioVersion = 10.0.40219.1
Project("{FAE04EC0-301F-11D3-BF4B-00C04F79EFBC}") = "CRUD-APi", "CRUD-APi\CRUD-APi.csproj", "{34679B30-2212-4F4C-9DB1-DCF90B65E03B}"
EndProject
Global
	GlobalSection(SolutionConfigurationPlatforms) = preSolution
		Debug|Any CPU = Debug|Any CPU
		Release|Any CPU = Release|Any CPU
	EndGlobalSection
	GlobalSection(ProjectConfigurationPlatforms) = postSolution
		{34679B30-2212-4F4C-9DB1-DCF90B65E03B}.Debug|Any CPU.ActiveCfg = Debug|Any CPU
		{34679B30-2212-4F4C-9DB1-DCF90B65E03B}.Debug|Any CPU.Build.0 = Debug|Any CPU
		{34679B30-2212-4F4C-9DB1-DCF90B65E03B}.Release|Any CPU.ActiveCfg = Release|Any CPU
		{34679B30-2212-4F4C-9DB1-DCF90B65E03B}.Release|Any CPU.Build.0 = Release|Any CPU
	EndGlobalSection
	GlobalSection(SolutionProperties) = preSolution
		HideSolutionNode = FALSE
	EndGlobalSection
	GlobalSection(ExtensibilityGlobals) = postSolution
		SolutionGuid = {B8E4BA78-7F2E-4D65-B481-F2E03A86E41B}
	EndGlobalSection
EndGlobal
